PODS:
  - Flutter (1.0.0)
  - "permission_handler (5.0.0+hotfix.5)":
    - Flutter
  - r_upgrade (0.0.1):
    - Flutter
  - webview_flutter (0.0.1):
    - Flutter

DEPENDENCIES:
  - Flutter (from `Flutter`)
  - permission_handler (from `.symlinks/plugins/permission_handler/ios`)
  - r_upgrade (from `.symlinks/plugins/r_upgrade/ios`)
  - webview_flutter (from `.symlinks/plugins/webview_flutter/ios`)

EXTERNAL SOURCES:
  Flutter:
    :path: Flutter
  permission_handler:
    :path: ".symlinks/plugins/permission_handler/ios"
  r_upgrade:
    :path: ".symlinks/plugins/r_upgrade/ios"
  webview_flutter:
    :path: ".symlinks/plugins/webview_flutter/ios"

SPEC CHECKSUMS:
  Flutter: 0e3d915762c693b495b44d77113d4970485de6ec
  permission_handler: 6226fcb78b97c7c7458a95c7346a11d5184fec12
  r_upgrade: 44d715c61914cce3d01ea225abffe894fd51c114
  webview_flutter: d2b4d6c66968ad042ad94cbb791f5b72b4678a96

PODFILE CHECKSUM: 5ad0ed810cbdac0f1ca562f55b31d98323e4e507

COCOAPODS: 1.9.0
