PODS:
  - BIJKPlayer (0.7.3)
  - camera (0.0.1):
    - Flutter
  - fijkplayer (0.8.3):
    - BIJKPlayer (~> 0.7.3)
    - Flutter
  - Flutter (1.0.0)
  - fluwx (0.0.1):
    - Flutter
    - WechatOpenSDK (= 1.8.7.1)
  - "permission_handler (5.0.0+hotfix.5)":
    - Flutter
  - r_scan (0.0.1):
    - Flutter
  - r_upgrade (0.0.1):
    - Flutter
  - video_player (0.0.1):
    - Flutter
  - video_player_web (0.0.1):
    - Flutter
  - webview_flutter (0.0.1):
    - Flutter
  - WechatOpenSDK (1.8.7.1)

DEPENDENCIES:
  - camera (from `.symlinks/plugins/camera/ios`)
  - fijkplayer (from `.symlinks/plugins/fijkplayer/ios`)
  - Flutter (from `Flutter`)
  - fluwx (from `.symlinks/plugins/fluwx/ios`)
  - permission_handler (from `.symlinks/plugins/permission_handler/ios`)
  - r_scan (from `.symlinks/plugins/r_scan/ios`)
  - r_upgrade (from `.symlinks/plugins/r_upgrade/ios`)
  - video_player (from `.symlinks/plugins/video_player/ios`)
  - video_player_web (from `.symlinks/plugins/video_player_web/ios`)
  - webview_flutter (from `.symlinks/plugins/webview_flutter/ios`)

SPEC REPOS:
  trunk:
    - BIJKPlayer
    - WechatOpenSDK

EXTERNAL SOURCES:
  camera:
    :path: ".symlinks/plugins/camera/ios"
  fijkplayer:
    :path: ".symlinks/plugins/fijkplayer/ios"
  Flutter:
    :path: Flutter
  fluwx:
    :path: ".symlinks/plugins/fluwx/ios"
  permission_handler:
    :path: ".symlinks/plugins/permission_handler/ios"
  r_scan:
    :path: ".symlinks/plugins/r_scan/ios"
  r_upgrade:
    :path: ".symlinks/plugins/r_upgrade/ios"
  video_player:
    :path: ".symlinks/plugins/video_player/ios"
  video_player_web:
    :path: ".symlinks/plugins/video_player_web/ios"
  webview_flutter:
    :path: ".symlinks/plugins/webview_flutter/ios"

SPEC CHECKSUMS:
  BIJKPlayer: 1ecf2e48a182e2e4618d47a01d04814ee4126c96
  camera: 38cc83ae9a5667bb5a71c7d9edaf60a91920fd4e
  fijkplayer: a7f6cd1457fe11ac152084d758c163175a217aa8
  Flutter: 0e3d915762c693b495b44d77113d4970485de6ec
  fluwx: 07a55ed66bf3a4961e836a2a411b02dcada32902
  permission_handler: 6226fcb78b97c7c7458a95c7346a11d5184fec12
  r_scan: ff1d53ccf15e760a9b244da3bbf3c5ec7bd763b4
  r_upgrade: 44d715c61914cce3d01ea225abffe894fd51c114
  video_player: 9cc823b1d9da7e8427ee591e8438bfbcde500e6e
  video_player_web: da8cadb8274ed4f8dbee8d7171b420dedd437ce7
  webview_flutter: d2b4d6c66968ad042ad94cbb791f5b72b4678a96
  WechatOpenSDK: 6a4d1436c15b3b5fe2a0bd383f3046010186da44

PODFILE CHECKSUM: 5ad0ed810cbdac0f1ca562f55b31d98323e4e507

COCOAPODS: 1.9.1
